// !$*UTF8*$!
{
	archiveVersion = 1;
	classes = {
	};
	objectVersion = 48;
	objects = {

/* Begin PBXBuildFile section */
		62DDD1BD1FCEE0F60041C562 /* AppDelegate.swift in Sources */ = {isa = PBXBuildFile; fileRef = 62DDD1BC1FCEE0F60041C562 /* AppDelegate.swift */; };
		62DDD1BF1FCEE0F60041C562 /* ViewController.swift in Sources */ = {isa = PBXBuildFile; fileRef = 62DDD1BE1FCEE0F60041C562 /* ViewController.swift */; };
		62DDD1C21FCEE0F60041C562 /* Main.storyboard in Resources */ = {isa = PBXBuildFile; fileRef = 62DDD1C01FCEE0F60041C562 /* Main.storyboard */; };
		62DDD1C41FCEE0F60041C562 /* Assets.xcassets in Resources */ = {isa = PBXBuildFile; fileRef = 62DDD1C31FCEE0F60041C562 /* Assets.xcassets */; };
		62DDD1C71FCEE0F60041C562 /* LaunchScreen.storyboard in Resources */ = {isa = PBXBuildFile; fileRef = 62DDD1C51FCEE0F60041C562 /* LaunchScreen.storyboard */; };
		62DDD1D51FCEE24D0041C562 /* leao.mp3 in Resources */ = {isa = PBXBuildFile; fileRef = 62DDD1CF1FCEE24C0041C562 /* leao.mp3 */; };
		62DDD1D61FCEE24D0041C562 /* cao.mp3 in Resources */ = {isa = PBXBuildFile; fileRef = 62DDD1D01FCEE24C0041C562 /* cao.mp3 */; };
		62DDD1D71FCEE24D0041C562 /* vaca.mp3 in Resources */ = {isa = PBXBuildFile; fileRef = 62DDD1D11FCEE24C0041C562 /* vaca.mp3 */; };
		62DDD1D81FCEE24D0041C562 /* gato.mp3 in Resources */ = {isa = PBXBuildFile; fileRef = 62DDD1D21FCEE24C0041C562 /* gato.mp3 */; };
		62DDD1D91FCEE24D0041C562 /* macaco.mp3 in Resources */ = {isa = PBXBuildFile; fileRef = 62DDD1D31FCEE24D0041C562 /* macaco.mp3 */; };
		62DDD1DA1FCEE24D0041C562 /* ovelha.mp3 in Resources */ = {isa = PBXBuildFile; fileRef = 62DDD1D41FCEE24D0041C562 /* ovelha.mp3 */; };
/* End PBXBuildFile section */

/* Begin PBXFileReference section */
		62DDD1B91FCEE0F60041C562 /* Som dos bichos.app */ = {isa = PBXFileReference; explicitFileType = wrapper.application; includeInIndex = 0; path = "Som dos bichos.app"; sourceTree = BUILT_PRODUCTS_DIR; };
		62DDD1BC1FCEE0F60041C562 /* AppDelegate.swift */ = {isa = PBXFileReference; lastKnownFileType = sourcecode.swift; path = AppDelegate.swift; sourceTree = "<group>"; };
		62DDD1BE1FCEE0F60041C562 /* ViewController.swift */ = {isa = PBXFileReference; lastKnownFileType = sourcecode.swift; path = ViewController.swift; sourceTree = "<group>"; };
		62DDD1C11FCEE0F60041C562 /* Base */ = {isa = PBXFileReference; lastKnownFileType = file.storyboard; name = Base; path = Base.lproj/Main.storyboard; sourceTree = "<group>"; };
		62DDD1C31FCEE0F60041C562 /* Assets.xcassets */ = {isa = PBXFileReference; lastKnownFileType = folder.assetcatalog; path = Assets.xcassets; sourceTree = "<group>"; };
		62DDD1C61FCEE0F60041C562 /* Base */ = {isa = PBXFileReference; lastKnownFileType = file.storyboard; name = Base; path = Base.lproj/LaunchScreen.storyboard; sourceTree = "<group>"; };
		62DDD1C81FCEE0F60041C562 /* Info.plist */ = {isa = PBXFileReference; lastKnownFileType = text.plist.xml; path = Info.plist; sourceTree = "<group>"; };
		62DDD1CF1FCEE24C0041C562 /* leao.mp3 */ = {isa = PBXFileReference; lastKnownFileType = audio.mp3; path = leao.mp3; sourceTree = "<group>"; };
		62DDD1D01FCEE24C0041C562 /* cao.mp3 */ = {isa = PBXFileReference; lastKnownFileType = audio.mp3; path = cao.mp3; sourceTree = "<group>"; };
		62DDD1D11FCEE24C0041C562 /* vaca.mp3 */ = {isa = PBXFileReference; lastKnownFileType = audio.mp3; path = vaca.mp3; sourceTree = "<group>"; };
		62DDD1D21FCEE24C0041C562 /* gato.mp3 */ = {isa = PBXFileReference; lastKnownFileType = audio.mp3; path = gato.mp3; sourceTree = "<group>"; };
		62DDD1D31FCEE24D0041C562 /* macaco.mp3 */ = {isa = PBXFileReference; lastKnownFileType = audio.mp3; path = macaco.mp3; sourceTree = "<group>"; };
		62DDD1D41FCEE24D0041C562 /* ovelha.mp3 */ = {isa = PBXFileReference; lastKnownFileType = audio.mp3; path = ovelha.mp3; sourceTree = "<group>"; };
/* End PBXFileReference section */

/* Begin PBXFrameworksBuildPhase section */
		62DDD1B61FCEE0F60041C562 /* Frameworks */ = {
			isa = PBXFrameworksBuildPhase;
			buildActionMask = 2147483647;
			files = (
			);
			runOnlyForDeploymentPostprocessing = 0;
		};
/* End PBXFrameworksBuildPhase section */

/* Begin PBXGroup section */
		62DDD1B01FCEE0F60041C562 = {
			isa = PBXGroup;
			children = (
				62DDD1BB1FCEE0F60041C562 /* Som dos bichos */,
				62DDD1BA1FCEE0F60041C562 /* Products */,
			);
			sourceTree = "<group>";
		};
		62DDD1BA1FCEE0F60041C562 /* Products */ = {
			isa = PBXGroup;
			children = (
				62DDD1B91FCEE0F60041C562 /* Som dos bichos.app */,
			);
			name = Products;
			sourceTree = "<group>";
		};
		62DDD1BB1FCEE0F60041C562 /* Som dos bichos */ = {
			isa = PBXGroup;
			children = (
				62DDD1CE1FCEE2350041C562 /* sons */,
				62DDD1BC1FCEE0F60041C562 /* AppDelegate.swift */,
				62DDD1BE1FCEE0F60041C562 /* ViewController.swift */,
				62DDD1C01FCEE0F60041C562 /* Main.storyboard */,
				62DDD1C31FCEE0F60041C562 /* Assets.xcassets */,
				62DDD1C51FCEE0F60041C562 /* LaunchScreen.storyboard */,
				62DDD1C81FCEE0F60041C562 /* Info.plist */,
			);
			path = "Som dos bichos";
			sourceTree = "<group>";
		};
		62DDD1CE1FCEE2350041C562 /* sons */ = {
			isa = PBXGroup;
			children = (
				62DDD1D01FCEE24C0041C562 /* cao.mp3 */,
				62DDD1D21FCEE24C0041C562 /* gato.mp3 */,
				62DDD1CF1FCEE24C0041C562 /* leao.mp3 */,
				62DDD1D31FCEE24D0041C562 /* macaco.mp3 */,
				62DDD1D41FCEE24D0041C562 /* ovelha.mp3 */,
				62DDD1D11FCEE24C0041C562 /* vaca.mp3 */,
			);
			path = sons;
			sourceTree = "<group>";
		};
/* End PBXGroup section */

/* Begin PBXNativeTarget section */
		62DDD1B81FCEE0F60041C562 /* Som dos bichos */ = {
			isa = PBXNativeTarget;
			buildConfigurationList = 62DDD1CB1FCEE0F60041C562 /* Build configuration list for PBXNativeTarget "Som dos bichos" */;
			buildPhases = (
				62DDD1B51FCEE0F60041C562 /* Sources */,
				62DDD1B61FCEE0F60041C562 /* Frameworks */,
				62DDD1B71FCEE0F60041C562 /* Resources */,
			);
			buildRules = (
			);
			dependencies = (
			);
			name = "Som dos bichos";
			productName = "Som dos bichos";
			productReference = 62DDD1B91FCEE0F60041C562 /* Som dos bichos.app */;
			productType = "com.apple.product-type.application";
		};
/* End PBXNativeTarget section */

/* Begin PBXProject section */
		62DDD1B11FCEE0F60041C562 /* Project object */ = {
			isa = PBXProject;
			attributes = {
				LastSwiftUpdateCheck = 0910;
				LastUpgradeCheck = 0910;
				ORGANIZATIONNAME = "Rodrigo Abreu";
				TargetAttributes = {
					62DDD1B81FCEE0F60041C562 = {
						CreatedOnToolsVersion = 9.1;
						ProvisioningStyle = Automatic;
					};
				};
			};
			buildConfigurationList = 62DDD1B41FCEE0F60041C562 /* Build configuration list for PBXProject "Som dos bichos" */;
			compatibilityVersion = "Xcode 8.0";
			developmentRegion = en;
			hasScannedForEncodings = 0;
			knownRegions = (
				en,
				Base,
			);
			mainGroup = 62DDD1B01FCEE0F60041C562;
			productRefGroup = 62DDD1BA1FCEE0F60041C562 /* Products */;
			projectDirPath = "";
			projectRoot = "";
			targets = (
				62DDD1B81FCEE0F60041C562 /* Som dos bichos */,
			);
		};
/* End PBXProject section */

/* Begin PBXResourcesBuildPhase section */
		62DDD1B71FCEE0F60041C562 /* Resources */ = {
			isa = PBXResourcesBuildPhase;
			buildActionMask = 2147483647;
			files = (
				62DDD1D81FCEE24D0041C562 /* gato.mp3 in Resources */,
				62DDD1DA1FCEE24D0041C562 /* ovelha.mp3 in Resources */,
				62DDD1D61FCEE24D0041C562 /* cao.mp3 in Resources */,
				62DDD1C71FCEE0F60041C562 /* LaunchScreen.storyboard in Resources */,
				62DDD1C41FCEE0F60041C562 /* Assets.xcassets in Resources */,
				62DDD1D91FCEE24D0041C562 /* macaco.mp3 in Resources */,
				62DDD1C21FCEE0F60041C562 /* Main.storyboard in Resources */,
				62DDD1D51FCEE24D0041C562 /* leao.mp3 in Resources */,
				62DDD1D71FCEE24D0041C562 /* vaca.mp3 in Resources */,
			);
			runOnlyForDeploymentPostprocessing = 0;
		};
/* End PBXResourcesBuildPhase section */

/* Begin PBXSourcesBuildPhase section */
		62DDD1B51FCEE0F60041C562 /* Sources */ = {
			isa = PBXSourcesBuildPhase;
			buildActionMask = 2147483647;
			files = (
				62DDD1BF1FCEE0F60041C562 /* ViewController.swift in Sources */,
				62DDD1BD1FCEE0F60041C562 /* AppDelegate.swift in Sources */,
			);
			runOnlyForDeploymentPostprocessing = 0;
		};
/* End PBXSourcesBuildPhase section */

/* Begin PBXVariantGroup section */
		62DDD1C01FCEE0F60041C562 /* Main.storyboard */ = {
			isa = PBXVariantGroup;
			children = (
				62DDD1C11FCEE0F60041C562 /* Base */,
			);
			name = Main.storyboard;
			sourceTree = "<group>";
		};
		62DDD1C51FCEE0F60041C562 /* LaunchScreen.storyboard */ = {
			isa = PBXVariantGroup;
			children = (
				62DDD1C61FCEE0F60041C562 /* Base */,
			);
			name = LaunchScreen.storyboard;
			sourceTree = "<group>";
		};
/* End PBXVariantGroup section */

/* Begin XCBuildConfiguration section */
		62DDD1C91FCEE0F60041C562 /* Debug */ = {
			isa = XCBuildConfiguration;
			buildSettings = {
				ALWAYS_SEARCH_USER_PATHS = NO;
				CLANG_ANALYZER_NONNULL = YES;
				CLANG_ANALYZER_NUMBER_OBJECT_CONVERSION = YES_AGGRESSIVE;
				CLANG_CXX_LANGUAGE_STANDARD = "gnu++14";
				CLANG_CXX_LIBRARY = "libc++";
				CLANG_ENABLE_MODULES = YES;
				CLANG_ENABLE_OBJC_ARC = YES;
				CLANG_WARN_BLOCK_CAPTURE_AUTORELEASING = YES;
				CLANG_WARN_BOOL_CONVERSION = YES;
				CLANG_WARN_COMMA = YES;
				CLANG_WARN_CONSTANT_CONVERSION = YES;
				CLANG_WARN_DIRECT_OBJC_ISA_USAGE = YES_ERROR;
				CLANG_WARN_DOCUMENTATION_COMMENTS = YES;
				CLANG_WARN_EMPTY_BODY = YES;
				CLANG_WARN_ENUM_CONVERSION = YES;
				CLANG_WARN_INFINITE_RECURSION = YES;
				CLANG_WARN_INT_CONVERSION = YES;
				CLANG_WARN_NON_LITERAL_NULL_CONVERSION = YES;
				CLANG_WARN_OBJC_LITERAL_CONVERSION = YES;
				CLANG_WARN_OBJC_ROOT_CLASS = YES_ERROR;
				CLANG_WARN_RANGE_LOOP_ANALYSIS = YES;
				CLANG_WARN_STRICT_PROTOTYPES = YES;
				CLANG_WARN_SUSPICIOUS_MOVE = YES;
				CLANG_WARN_UNGUARDED_AVAILABILITY = YES_AGGRESSIVE;
				CLANG_WARN_UNREACHABLE_CODE = YES;
				CLANG_WARN__DUPLICATE_METHOD_MATCH = YES;
				CODE_SIGN_IDENTITY = "iPhone Developer";
				COPY_PHASE_STRIP = NO;
				DEBUG_INFORMATION_FORMAT = dwarf;
				ENABLE_STRICT_OBJC_MSGSEND = YES;
				ENABLE_TESTABILITY = YES;
				GCC_C_LANGUAGE_STANDARD = gnu11;
				GCC_DYNAMIC_NO_PIC = NO;
				GCC_NO_COMMON_BLOCKS = YES;
				GCC_OPTIMIZATION_LEVEL = 0;
				GCC_PREPROCESSOR_DEFINITIONS = (
					"DEBUG=1",
					"$(inherited)",
				);
				GCC_WARN_64_TO_32_BIT_CONVERSION = YES;
				GCC_WARN_ABOUT_RETURN_TYPE = YES_ERROR;
				GCC_WARN_UNDECLARED_SELECTOR = YES;
				GCC_WARN_UNINITIALIZED_AUTOS = YES_AGGRESSIVE;
				GCC_WARN_UNUSED_FUNCTION = YES;
				GCC_WARN_UNUSED_VARIABLE = YES;
				IPHONEOS_DEPLOYMENT_TARGET = 11.1;
				MTL_ENABLE_DEBUG_INFO = YES;
				ONLY_ACTIVE_ARCH = YES;
				SDKROOT = iphoneos;
				SWIFT_ACTIVE_COMPILATION_CONDITIONS = DEBUG;
				SWIFT_OPTIMIZATION_LEVEL = "-Onone";
			};
			name = Debug;
		};
		62DDD1CA1FCEE0F60041C562 /* Release */ = {
			isa = XCBuildConfiguration;
			buildSettings = {
				ALWAYS_SEARCH_USER_PATHS = NO;
				CLANG_ANALYZER_NONNULL = YES;
				CLANG_ANALYZER_NUMBER_OBJECT_CONVERSION = YES_AGGRESSIVE;
				CLANG_CXX_LANGUAGE_STANDARD = "gnu++14";
				CLANG_CXX_LIBRARY = "libc++";
				CLANG_ENABLE_MODULES = YES;
				CLANG_ENABLE_OBJC_ARC = YES;
				CLANG_WARN_BLOCK_CAPTURE_AUTORELEASING = YES;
				CLANG_WARN_BOOL_CONVERSION = YES;
				CLANG_WARN_COMMA = YES;
				CLANG_WARN_CONSTANT_CONVERSION = YES;
				CLANG_WARN_DIRECT_OBJC_ISA_USAGE = YES_ERROR;
				CLANG_WARN_DOCUMENTATION_COMMENTS = YES;
				CLANG_WARN_EMPTY_BODY = YES;
				CLANG_WARN_ENUM_CONVERSION = YES;
				CLANG_WARN_INFINITE_RECURSION = YES;
				CLANG_WARN_INT_CONVERSION = YES;
				CLANG_WARN_NON_LITERAL_NULL_CONVERSION = YES;
				CLANG_WARN_OBJC_LITERAL_CONVERSION = YES;
				CLANG_WARN_OBJC_ROOT_CLASS = YES_ERROR;
				CLANG_WARN_RANGE_LOOP_ANALYSIS = YES;
				CLANG_WARN_STRICT_PROTOTYPES = YES;
				CLANG_WARN_SUSPICIOUS_MOVE = YES;
				CLANG_WARN_UNGUARDED_AVAILABILITY = YES_AGGRESSIVE;
				CLANG_WARN_UNREACHABLE_CODE = YES;
				CLANG_WARN__DUPLICATE_METHOD_MATCH = YES;
				CODE_SIGN_IDENTITY = "iPhone Developer";
				COPY_PHASE_STRIP = NO;
				DEBUG_INFORMATION_FORMAT = "dwarf-with-dsym";
				ENABLE_NS_ASSERTIONS = NO;
				ENABLE_STRICT_OBJC_MSGSEND = YES;
				GCC_C_LANGUAGE_STANDARD = gnu11;
				GCC_NO_COMMON_BLOCKS = YES;
				GCC_WARN_64_TO_32_BIT_CONVERSION = YES;
				GCC_WARN_ABOUT_RETURN_TYPE = YES_ERROR;
				GCC_WARN_UNDECLARED_SELECTOR = YES;
				GCC_WARN_UNINITIALIZED_AUTOS = YES_AGGRESSIVE;
				GCC_WARN_UNUSED_FUNCTION = YES;
				GCC_WARN_UNUSED_VARIABLE = YES;
				IPHONEOS_DEPLOYMENT_TARGET = 11.1;
				MTL_ENABLE_DEBUG_INFO = NO;
				SDKROOT = iphoneos;
				SWIFT_OPTIMIZATION_LEVEL = "-Owholemodule";
				VALIDATE_PRODUCT = YES;
			};
			name = Release;
		};
		62DDD1CC1FCEE0F60041C562 /* Debug */ = {
			isa = XCBuildConfiguration;
			buildSettings = {
				ASSETCATALOG_COMPILER_APPICON_NAME = AppIcon;
				CODE_SIGN_STYLE = Automatic;
				DEVELOPMENT_TEAM = 37J9BA46N5;
				INFOPLIST_FILE = "Som dos bichos/Info.plist";
				LD_RUNPATH_SEARCH_PATHS = "$(inherited) @executable_path/Frameworks";
				PRODUCT_BUNDLE_IDENTIFIER = "br.net.tleste.Som-dos-bichos";
				PRODUCT_NAME = "$(TARGET_NAME)";
				SWIFT_VERSION = 4.0;
				TARGETED_DEVICE_FAMILY = "1,2";
			};
			name = Debug;
		};
		62DDD1CD1FCEE0F60041C562 /* Release */ = {
			isa = XCBuildConfiguration;
			buildSettings = {
				ASSETCATALOG_COMPILER_APPICON_NAME = AppIcon;
				CODE_SIGN_STYLE = Automatic;
				DEVELOPMENT_TEAM = 37J9BA46N5;
				INFOPLIST_FILE = "Som dos bichos/Info.plist";
				LD_RUNPATH_SEARCH_PATHS = "$(inherited) @executable_path/Frameworks";
				PRODUCT_BUNDLE_IDENTIFIER = "br.net.tleste.Som-dos-bichos";
				PRODUCT_NAME = "$(TARGET_NAME)";
				SWIFT_VERSION = 4.0;
				TARGETED_DEVICE_FAMILY = "1,2";
			};
			name = Release;
		};
/* End XCBuildConfiguration section */

/* Begin XCConfigurationList section */
		62DDD1B41FCEE0F60041C562 /* Build configuration list for PBXProject "Som dos bichos" */ = {
			isa = XCConfigurationList;
			buildConfigurations = (
				62DDD1C91FCEE0F60041C562 /* Debug */,
				62DDD1CA1FCEE0F60041C562 /* Release */,
			);
			defaultConfigurationIsVisible = 0;
			defaultConfigurationName = Release;
		};
		62DDD1CB1FCEE0F60041C562 /* Build configuration list for PBXNativeTarget "Som dos bichos" */ = {
			isa = XCConfigurationList;
			buildConfigurations = (
				62DDD1CC1FCEE0F60041C562 /* Debug */,
				62DDD1CD1FCEE0F60041C562 /* Release */,
			);
			defaultConfigurationIsVisible = 0;
			defaultConfigurationName = Release;
		};
/* End XCConfigurationList section */
	};
	rootObject = 62DDD1B11FCEE0F60041C562 /* Project object */;
}
